
Microsoft Visual Studio Solution File, Format Version 12.00
# Visual Studio Version 17
VisualStudioVersion = 17.8.34511.84
MinimumVisualStudioVersion = 10.0.40219.1
Project("{FAE04EC0-301F-11D3-BF4B-00C04F79EFBC}") = "systemBank", "systemBank.csproj", "{E519A84F-DC82-4422-A136-04001C18B6D1}"
EndProject
Project("{FAE04EC0-301F-11D3-BF4B-00C04F79EFBC}") = "BankBusinessLayer", "..\BankBusinessLayer\BankBusinessLayer.csproj", "{730B2F10-1E56-4CEC-9324-B9FA77F2C2EC}"
EndProject
Project("{FAE04EC0-301F-11D3-BF4B-00C04F79EFBC}") = "BankDataAccessLayer", "..\BankDataAccessLayer\BankDataAccessLayer.csproj", "{62BB187E-74B1-433D-8480-DD64381DA944}"
EndProject
Global
	GlobalSection(SolutionConfigurationPlatforms) = preSolution
		Debug|Any CPU = Debug|Any CPU
		Release|Any CPU = Release|Any CPU
	EndGlobalSection
	GlobalSection(ProjectConfigurationPlatforms) = postSolution
		{E519A84F-DC82-4422-A136-04001C18B6D1}.Debug|Any CPU.ActiveCfg = Debug|Any CPU
		{E519A84F-DC82-4422-A136-04001C18B6D1}.Debug|Any CPU.Build.0 = Debug|Any CPU
		{E519A84F-DC82-4422-A136-04001C18B6D1}.Release|Any CPU.ActiveCfg = Release|Any CPU
		{E519A84F-DC82-4422-A136-04001C18B6D1}.Release|Any CPU.Build.0 = Release|Any CPU
		{730B2F10-1E56-4CEC-9324-B9FA77F2C2EC}.Debug|Any CPU.ActiveCfg = Debug|Any CPU
		{730B2F10-1E56-4CEC-9324-B9FA77F2C2EC}.Debug|Any CPU.Build.0 = Debug|Any CPU
		{730B2F10-1E56-4CEC-9324-B9FA77F2C2EC}.Release|Any CPU.ActiveCfg = Release|Any CPU
		{730B2F10-1E56-4CEC-9324-B9FA77F2C2EC}.Release|Any CPU.Build.0 = Release|Any CPU
		{62BB187E-74B1-433D-8480-DD64381DA944}.Debug|Any CPU.ActiveCfg = Debug|Any CPU
		{62BB187E-74B1-433D-8480-DD64381DA944}.Debug|Any CPU.Build.0 = Debug|Any CPU
		{62BB187E-74B1-433D-8480-DD64381DA944}.Release|Any CPU.ActiveCfg = Release|Any CPU
		{62BB187E-74B1-433D-8480-DD64381DA944}.Release|Any CPU.Build.0 = Release|Any CPU
	EndGlobalSection
	GlobalSection(SolutionProperties) = preSolution
		HideSolutionNode = FALSE
	EndGlobalSection
	GlobalSection(ExtensibilityGlobals) = postSolution
		SolutionGuid = {5D9BD3C1-1E00-4419-B234-9B51C0959E42}
	EndGlobalSection
EndGlobal
